
Microsoft Visual Studio Solution File, Format Version 12.00
# Visual Studio Version 17
VisualStudioVersion = 17.7.34031.279
MinimumVisualStudioVersion = 10.0.40219.1
Project("{FAE04EC0-301F-11D3-BF4B-00C04F79EFBC}") = "StopGeneratorsAfterWarhead", "StopGeneratorsAfterWarhead\StopGeneratorsAfterWarhead.csproj", "{1F59D345-8A26-4391-A392-E3A0E35813E4}"
EndProject
Global
	GlobalSection(SolutionConfigurationPlatforms) = preSolution
		Debug|Any CPU = Debug|Any CPU
		Release|Any CPU = Release|Any CPU
	EndGlobalSection
	GlobalSection(ProjectConfigurationPlatforms) = postSolution
		{1F59D345-8A26-4391-A392-E3A0E35813E4}.Debug|Any CPU.ActiveCfg = Debug|Any CPU
		{1F59D345-8A26-4391-A392-E3A0E35813E4}.Debug|Any CPU.Build.0 = Debug|Any CPU
		{1F59D345-8A26-4391-A392-E3A0E35813E4}.Release|Any CPU.ActiveCfg = Release|Any CPU
		{1F59D345-8A26-4391-A392-E3A0E35813E4}.Release|Any CPU.Build.0 = Release|Any CPU
	EndGlobalSection
	GlobalSection(SolutionProperties) = preSolution
		HideSolutionNode = FALSE
	EndGlobalSection
	GlobalSection(ExtensibilityGlobals) = postSolution
		SolutionGuid = {5F7AF44A-F8E3-4031-A7F4-F8E8D6F1EF59}
	EndGlobalSection
EndGlobal
